
Microsoft Visual Studio Solution File, Format Version 12.00
# Visual Studio Version 16
VisualStudioVersion = 16.0.31410.357
MinimumVisualStudioVersion = 10.0.40219.1
Project("{FAE04EC0-301F-11D3-BF4B-00C04F79EFBC}") = "My Lunch Order", "My Lunch Order\My Lunch Order.csproj", "{B1E780B8-D9FA-4B49-9914-BC09E79C9A71}"
EndProject
Global
	GlobalSection(SolutionConfigurationPlatforms) = preSolution
		Debug|Any CPU = Debug|Any CPU
		Release|Any CPU = Release|Any CPU
	EndGlobalSection
	GlobalSection(ProjectConfigurationPlatforms) = postSolution
		{B1E780B8-D9FA-4B49-9914-BC09E79C9A71}.Debug|Any CPU.ActiveCfg = Debug|Any CPU
		{B1E780B8-D9FA-4B49-9914-BC09E79C9A71}.Debug|Any CPU.Build.0 = Debug|Any CPU
		{B1E780B8-D9FA-4B49-9914-BC09E79C9A71}.Release|Any CPU.ActiveCfg = Release|Any CPU
		{B1E780B8-D9FA-4B49-9914-BC09E79C9A71}.Release|Any CPU.Build.0 = Release|Any CPU
	EndGlobalSection
	GlobalSection(SolutionProperties) = preSolution
		HideSolutionNode = FALSE
	EndGlobalSection
	GlobalSection(ExtensibilityGlobals) = postSolution
		SolutionGuid = {BC30EB0D-2CA2-4F49-B3ED-AAD9D5C4E0E6}
	EndGlobalSection
EndGlobal
