
Microsoft Visual Studio Solution File, Format Version 12.00
# Visual Studio Version 16
VisualStudioVersion = 16.0.31515.178
MinimumVisualStudioVersion = 10.0.40219.1
Project("{FAE04EC0-301F-11D3-BF4B-00C04F79EFBC}") = "TravelExperts.MVC", "TravelExperts.MVC\TravelExperts.MVC.csproj", "{1FF78184-4D36-4646-AA68-684026E5BB1B}"
EndProject
Project("{FAE04EC0-301F-11D3-BF4B-00C04F79EFBC}") = "TravelExperts.BLL", "TravelExperts.BLL\TravelExperts.BLL.csproj", "{0A90300F-1744-4BA9-84B0-AE97048DA883}"
EndProject
Project("{FAE04EC0-301F-11D3-BF4B-00C04F79EFBC}") = "TravelExperts.Data", "TravelExperts.Data\TravelExperts.Data.csproj", "{21ABEB88-B697-48A5-AC33-88671DDEC7EE}"
EndProject
Project("{FAE04EC0-301F-11D3-BF4B-00C04F79EFBC}") = "TravelExperts.Domain", "TravelExperts.Domain\TravelExperts.Domain.csproj", "{0125D68E-A6B6-4266-B27C-9A6522F59BA1}"
EndProject
Global
	GlobalSection(SolutionConfigurationPlatforms) = preSolution
		Debug|Any CPU = Debug|Any CPU
		Release|Any CPU = Release|Any CPU
	EndGlobalSection
	GlobalSection(ProjectConfigurationPlatforms) = postSolution
		{1FF78184-4D36-4646-AA68-684026E5BB1B}.Debug|Any CPU.ActiveCfg = Debug|Any CPU
		{1FF78184-4D36-4646-AA68-684026E5BB1B}.Debug|Any CPU.Build.0 = Debug|Any CPU
		{1FF78184-4D36-4646-AA68-684026E5BB1B}.Release|Any CPU.ActiveCfg = Release|Any CPU
		{1FF78184-4D36-4646-AA68-684026E5BB1B}.Release|Any CPU.Build.0 = Release|Any CPU
		{0A90300F-1744-4BA9-84B0-AE97048DA883}.Debug|Any CPU.ActiveCfg = Debug|Any CPU
		{0A90300F-1744-4BA9-84B0-AE97048DA883}.Debug|Any CPU.Build.0 = Debug|Any CPU
		{0A90300F-1744-4BA9-84B0-AE97048DA883}.Release|Any CPU.ActiveCfg = Release|Any CPU
		{0A90300F-1744-4BA9-84B0-AE97048DA883}.Release|Any CPU.Build.0 = Release|Any CPU
		{21ABEB88-B697-48A5-AC33-88671DDEC7EE}.Debug|Any CPU.ActiveCfg = Debug|Any CPU
		{21ABEB88-B697-48A5-AC33-88671DDEC7EE}.Debug|Any CPU.Build.0 = Debug|Any CPU
		{21ABEB88-B697-48A5-AC33-88671DDEC7EE}.Release|Any CPU.ActiveCfg = Release|Any CPU
		{21ABEB88-B697-48A5-AC33-88671DDEC7EE}.Release|Any CPU.Build.0 = Release|Any CPU
		{0125D68E-A6B6-4266-B27C-9A6522F59BA1}.Debug|Any CPU.ActiveCfg = Debug|Any CPU
		{0125D68E-A6B6-4266-B27C-9A6522F59BA1}.Debug|Any CPU.Build.0 = Debug|Any CPU
		{0125D68E-A6B6-4266-B27C-9A6522F59BA1}.Release|Any CPU.ActiveCfg = Release|Any CPU
		{0125D68E-A6B6-4266-B27C-9A6522F59BA1}.Release|Any CPU.Build.0 = Release|Any CPU
	EndGlobalSection
	GlobalSection(SolutionProperties) = preSolution
		HideSolutionNode = FALSE
	EndGlobalSection
	GlobalSection(ExtensibilityGlobals) = postSolution
		SolutionGuid = {ED4BE872-4E51-4855-BC8E-6B55665D2F81}
	EndGlobalSection
EndGlobal
