
Microsoft Visual Studio Solution File, Format Version 12.00
# Visual Studio Version 16
VisualStudioVersion = 16.0.31410.357
MinimumVisualStudioVersion = 10.0.40219.1
Project("{FAE04EC0-301F-11D3-BF4B-00C04F79EFBC}") = "AssetData", "AssetData\AssetData.csproj", "{407AA451-6C1F-4E60-9080-99A1E1AEF08E}"
EndProject
Global
	GlobalSection(SolutionConfigurationPlatforms) = preSolution
		Debug|Any CPU = Debug|Any CPU
		Release|Any CPU = Release|Any CPU
	EndGlobalSection
	GlobalSection(ProjectConfigurationPlatforms) = postSolution
		{407AA451-6C1F-4E60-9080-99A1E1AEF08E}.Debug|Any CPU.ActiveCfg = Debug|Any CPU
		{407AA451-6C1F-4E60-9080-99A1E1AEF08E}.Debug|Any CPU.Build.0 = Debug|Any CPU
		{407AA451-6C1F-4E60-9080-99A1E1AEF08E}.Release|Any CPU.ActiveCfg = Release|Any CPU
		{407AA451-6C1F-4E60-9080-99A1E1AEF08E}.Release|Any CPU.Build.0 = Release|Any CPU
	EndGlobalSection
	GlobalSection(SolutionProperties) = preSolution
		HideSolutionNode = FALSE
	EndGlobalSection
	GlobalSection(ExtensibilityGlobals) = postSolution
		SolutionGuid = {52581BA1-61E2-42C1-BCEE-CF690A30B7E3}
	EndGlobalSection
EndGlobal
