
Microsoft Visual Studio Solution File, Format Version 12.00
# Visual Studio Version 16
VisualStudioVersion = 16.0.31410.357
MinimumVisualStudioVersion = 10.0.40219.1
Project("{FAE04EC0-301F-11D3-BF4B-00C04F79EFBC}") = "Electricity Bills", "Electricity Bills\Electricity Bills.csproj", "{BFC2D271-3EB8-468D-82AA-4A7F793F9466}"
EndProject
Global
	GlobalSection(SolutionConfigurationPlatforms) = preSolution
		Debug|Any CPU = Debug|Any CPU
		Release|Any CPU = Release|Any CPU
	EndGlobalSection
	GlobalSection(ProjectConfigurationPlatforms) = postSolution
		{BFC2D271-3EB8-468D-82AA-4A7F793F9466}.Debug|Any CPU.ActiveCfg = Debug|Any CPU
		{BFC2D271-3EB8-468D-82AA-4A7F793F9466}.Debug|Any CPU.Build.0 = Debug|Any CPU
		{BFC2D271-3EB8-468D-82AA-4A7F793F9466}.Release|Any CPU.ActiveCfg = Release|Any CPU
		{BFC2D271-3EB8-468D-82AA-4A7F793F9466}.Release|Any CPU.Build.0 = Release|Any CPU
	EndGlobalSection
	GlobalSection(SolutionProperties) = preSolution
		HideSolutionNode = FALSE
	EndGlobalSection
	GlobalSection(ExtensibilityGlobals) = postSolution
		SolutionGuid = {062AB5C1-BE59-4FA6-AD3D-5CC990FAE8E7}
	EndGlobalSection
EndGlobal
